
Microsoft Visual Studio Solution File, Format Version 12.00
Project("{2150E333-8FDC-42A3-9474-1A3956D46DE8}") = "Runtime", "Runtime", "{25330185-0D14-4B0E-9A4C-CF3DB91DBC01}"
EndProject
Project("{2150E333-8FDC-42A3-9474-1A3956D46DE8}") = "Library", "Library", "{FC6A0D61-CF0F-4802-AC3C-337833979377}"
EndProject
Project("{FAE04EC0-301F-11D3-BF4B-00C04F79EFBC}") = "SRCore", "Library\SRCore\SRCore.csproj", "{0AE38D18-9E7D-40A6-AAC5-777A4CB65431}"
EndProject
Project("{FAE04EC0-301F-11D3-BF4B-00C04F79EFBC}") = "SRGame", "Library\SRGame\SRGame.csproj", "{8353B98E-17BE-49F5-A58A-78E51EC04D03}"
EndProject
Project("{FAE04EC0-301F-11D3-BF4B-00C04F79EFBC}") = "SRBot", "Runtime\SRBot\SRBot.csproj", "{ED77000F-80A5-4519-AFFF-2CBAE6821DDE}"
EndProject
Project("{FAE04EC0-301F-11D3-BF4B-00C04F79EFBC}") = "SRNetwork", "Library\SRNetwork\SRNetwork.csproj", "{766F0F2C-F488-4DC9-905F-4C4F63C85DC5}"
EndProject
Project("{FAE04EC0-301F-11D3-BF4B-00C04F79EFBC}") = "SRPack", "Library\SRPack\SRPack.csproj", "{9D1D6395-912D-453D-B4BF-83923F285841}"
EndProject
Global
	GlobalSection(SolutionConfigurationPlatforms) = preSolution
		Debug|Any CPU = Debug|Any CPU
		Release|Any CPU = Release|Any CPU
	EndGlobalSection
	GlobalSection(ProjectConfigurationPlatforms) = postSolution
		{0AE38D18-9E7D-40A6-AAC5-777A4CB65431}.Debug|Any CPU.ActiveCfg = Debug|Any CPU
		{0AE38D18-9E7D-40A6-AAC5-777A4CB65431}.Debug|Any CPU.Build.0 = Debug|Any CPU
		{0AE38D18-9E7D-40A6-AAC5-777A4CB65431}.Release|Any CPU.ActiveCfg = Release|Any CPU
		{0AE38D18-9E7D-40A6-AAC5-777A4CB65431}.Release|Any CPU.Build.0 = Release|Any CPU
		{8353B98E-17BE-49F5-A58A-78E51EC04D03}.Debug|Any CPU.ActiveCfg = Debug|Any CPU
		{8353B98E-17BE-49F5-A58A-78E51EC04D03}.Debug|Any CPU.Build.0 = Debug|Any CPU
		{8353B98E-17BE-49F5-A58A-78E51EC04D03}.Release|Any CPU.ActiveCfg = Release|Any CPU
		{8353B98E-17BE-49F5-A58A-78E51EC04D03}.Release|Any CPU.Build.0 = Release|Any CPU
		{ED77000F-80A5-4519-AFFF-2CBAE6821DDE}.Debug|Any CPU.ActiveCfg = Debug|Any CPU
		{ED77000F-80A5-4519-AFFF-2CBAE6821DDE}.Debug|Any CPU.Build.0 = Debug|Any CPU
		{ED77000F-80A5-4519-AFFF-2CBAE6821DDE}.Release|Any CPU.ActiveCfg = Release|Any CPU
		{ED77000F-80A5-4519-AFFF-2CBAE6821DDE}.Release|Any CPU.Build.0 = Release|Any CPU
		{766F0F2C-F488-4DC9-905F-4C4F63C85DC5}.Debug|Any CPU.ActiveCfg = Debug|Any CPU
		{766F0F2C-F488-4DC9-905F-4C4F63C85DC5}.Debug|Any CPU.Build.0 = Debug|Any CPU
		{766F0F2C-F488-4DC9-905F-4C4F63C85DC5}.Release|Any CPU.ActiveCfg = Release|Any CPU
		{766F0F2C-F488-4DC9-905F-4C4F63C85DC5}.Release|Any CPU.Build.0 = Release|Any CPU
		{9D1D6395-912D-453D-B4BF-83923F285841}.Debug|Any CPU.ActiveCfg = Debug|Any CPU
		{9D1D6395-912D-453D-B4BF-83923F285841}.Debug|Any CPU.Build.0 = Debug|Any CPU
		{9D1D6395-912D-453D-B4BF-83923F285841}.Release|Any CPU.ActiveCfg = Release|Any CPU
		{9D1D6395-912D-453D-B4BF-83923F285841}.Release|Any CPU.Build.0 = Release|Any CPU
	EndGlobalSection
	GlobalSection(NestedProjects) = preSolution
		{0AE38D18-9E7D-40A6-AAC5-777A4CB65431} = {FC6A0D61-CF0F-4802-AC3C-337833979377}
		{8353B98E-17BE-49F5-A58A-78E51EC04D03} = {FC6A0D61-CF0F-4802-AC3C-337833979377}
		{ED77000F-80A5-4519-AFFF-2CBAE6821DDE} = {25330185-0D14-4B0E-9A4C-CF3DB91DBC01}
		{766F0F2C-F488-4DC9-905F-4C4F63C85DC5} = {FC6A0D61-CF0F-4802-AC3C-337833979377}
		{9D1D6395-912D-453D-B4BF-83923F285841} = {FC6A0D61-CF0F-4802-AC3C-337833979377}
	EndGlobalSection
EndGlobal
